
Microsoft Visual Studio Solution File, Format Version 12.00
# Visual Studio Version 17
VisualStudioVersion = 17.12.35527.113
MinimumVisualStudioVersion = 10.0.40219.1
Project("{FAE04EC0-301F-11D3-BF4B-00C04F79EFBC}") = "NumericCrossword", "NumericCrossword\NumericCrossword.csproj", "{C51B088E-025A-4FC1-B85B-0EB25B5142A7}"
EndProject
Project("{FAE04EC0-301F-11D3-BF4B-00C04F79EFBC}") = "CrosswordServer", "..\CrosswordServer\CrosswordServer\CrosswordServer.csproj", "{0CF9E37B-F47B-475C-818E-F5909FC41C37}"
EndProject
Project("{54435603-DBB4-11D2-8724-00A0C9A8B90C}") = "Setup1", "Setup1\Setup1.vdproj", "{C293A6C3-4511-4786-987E-97E93564E826}"
EndProject
Global
	GlobalSection(SolutionConfigurationPlatforms) = preSolution
		Debug|Any CPU = Debug|Any CPU
		Release|Any CPU = Release|Any CPU
	EndGlobalSection
	GlobalSection(ProjectConfigurationPlatforms) = postSolution
		{C51B088E-025A-4FC1-B85B-0EB25B5142A7}.Debug|Any CPU.ActiveCfg = Debug|Any CPU
		{C51B088E-025A-4FC1-B85B-0EB25B5142A7}.Debug|Any CPU.Build.0 = Debug|Any CPU
		{C51B088E-025A-4FC1-B85B-0EB25B5142A7}.Release|Any CPU.ActiveCfg = Release|Any CPU
		{C51B088E-025A-4FC1-B85B-0EB25B5142A7}.Release|Any CPU.Build.0 = Release|Any CPU
		{0CF9E37B-F47B-475C-818E-F5909FC41C37}.Debug|Any CPU.ActiveCfg = Debug|Any CPU
		{0CF9E37B-F47B-475C-818E-F5909FC41C37}.Debug|Any CPU.Build.0 = Debug|Any CPU
		{0CF9E37B-F47B-475C-818E-F5909FC41C37}.Release|Any CPU.ActiveCfg = Release|Any CPU
		{0CF9E37B-F47B-475C-818E-F5909FC41C37}.Release|Any CPU.Build.0 = Release|Any CPU
		{C293A6C3-4511-4786-987E-97E93564E826}.Debug|Any CPU.ActiveCfg = Debug
		{C293A6C3-4511-4786-987E-97E93564E826}.Release|Any CPU.ActiveCfg = Release
	EndGlobalSection
	GlobalSection(SolutionProperties) = preSolution
		HideSolutionNode = FALSE
	EndGlobalSection
EndGlobal
